{
  "version": 4,
  "terraform_version": "0.12.24",
  "serial": 181,
  "lineage": "2746d2be-d4e8-1f64-e833-781d4d3ccdad",
  "outputs": {},
  "resources": [
    {
      "mode": "managed",
      "type": "aws_glue_catalog_database",
      "name": "database",
      "provider": "provider.aws",
      "instances": [
        {
          "schema_version": 0,
          "attributes": {
            "catalog_id": "715254622466",
            "description": "",
            "id": "715254622466:database_automobile",
            "location_uri": "",
            "name": "database_automobile",
            "parameters": {}
          },
          "private": "bnVsbA=="
        }
      ]
    },
    {
      "mode": "managed",
      "type": "aws_glue_crawler",
      "name": "crawler",
      "provider": "provider.aws",
      "instances": [
        {
          "schema_version": 0,
          "attributes": {
            "arn": "arn:aws:glue:us-east-1:715254622466:crawler/crawler_automobile",
            "catalog_target": [],
            "classifiers": [],
            "configuration": "",
            "database_name": "database_automobile",
            "description": "",
            "dynamodb_target": [],
            "id": "crawler_automobile",
            "jdbc_target": [],
            "name": "crawler_automobile",
            "role": "AWSGlueServiceRoleDefault",
            "s3_target": [
              {
                "exclusions": [],
                "path": "s3://data-lake-automobile-landed"
              }
            ],
            "schedule": "",
            "schema_change_policy": [
              {
                "delete_behavior": "DEPRECATE_IN_DATABASE",
                "update_behavior": "UPDATE_IN_DATABASE"
              }
            ],
            "security_configuration": "",
            "table_prefix": "",
            "tags": {}
          },
          "private": "bnVsbA==",
          "dependencies": [
            "aws_glue_catalog_database.database",
            "aws_iam_role.glue",
            "aws_s3_bucket.landed"
          ]
        }
      ]
    },
    {
      "mode": "managed",
      "type": "aws_iam_role",
      "name": "glue",
      "provider": "provider.aws",
      "instances": [
        {
          "schema_version": 0,
          "attributes": {
            "arn": "arn:aws:iam::715254622466:role/AWSGlueServiceRoleDefault",
            "assume_role_policy": "{\"Version\":\"2012-10-17\",\"Statement\":[{\"Sid\":\"\",\"Effect\":\"Allow\",\"Principal\":{\"Service\":\"glue.amazonaws.com\"},\"Action\":\"sts:AssumeRole\"}]}",
            "create_date": "2020-05-19T20:29:22Z",
            "description": "",
            "force_detach_policies": false,
            "id": "AWSGlueServiceRoleDefault",
            "max_session_duration": 3600,
            "name": "AWSGlueServiceRoleDefault",
            "name_prefix": null,
            "path": "/",
            "permissions_boundary": null,
            "tags": {},
            "unique_id": "AROA2NCD7NEBCB5MDS7W3"
          },
          "private": "bnVsbA=="
        }
      ]
    },
    {
      "mode": "managed",
      "type": "aws_iam_role_policy",
      "name": "glue_service_s3",
      "provider": "provider.aws",
      "instances": [
        {
          "schema_version": 0,
          "attributes": {
            "id": "AWSGlueServiceRoleDefault:glue_service_s3",
            "name": "glue_service_s3",
            "name_prefix": null,
            "policy": "{\r\n  \"Version\": \"2012-10-17\",\r\n  \"Statement\": [\r\n    {\r\n      \"Effect\": \"Allow\",\r\n      \"Action\": [\r\n        \"s3:*\"\r\n      ],\r\n      \"Resource\": [\r\n        \"arn:aws:s3:::aws_s3_bucket.landed.bucket\",\r\n        \"arn:aws:s3:::aws_s3_bucket.landed.bucket/*\"\r\n      ]\r\n    }\r\n  ]\r\n}\r\n",
            "role": "AWSGlueServiceRoleDefault"
          },
          "private": "bnVsbA==",
          "dependencies": [
            "aws_iam_role.glue",
            "aws_iam_role_policy.my_s3_policy"
          ]
        }
      ]
    },
    {
      "mode": "managed",
      "type": "aws_iam_role_policy",
      "name": "my_s3_policy",
      "provider": "provider.aws",
      "instances": [
        {
          "schema_version": 0,
          "attributes": {
            "id": "AWSGlueServiceRoleDefault:my_s3_policy",
            "name": "my_s3_policy",
            "name_prefix": null,
            "policy": "{\r\n  \"Version\": \"2012-10-17\",\r\n  \"Statement\": [\r\n    {\r\n      \"Effect\": \"Allow\",\r\n      \"Action\": [\r\n        \"s3:*\"\r\n      ],\r\n      \"Resource\": [\r\n        \"arn:aws:s3:::aws_s3_bucket.landed.bucket\",\r\n        \"arn:aws:s3:::aws_s3_bucket.landed.bucket/*\"\r\n      ]\r\n    }\r\n  ]\r\n}\r\n",
            "role": "AWSGlueServiceRoleDefault"
          },
          "private": "bnVsbA==",
          "dependencies": [
            "aws_iam_role.glue"
          ]
        }
      ]
    },
    {
      "mode": "managed",
      "type": "aws_iam_role_policy_attachment",
      "name": "glue_service",
      "provider": "provider.aws",
      "instances": [
        {
          "schema_version": 0,
          "attributes": {
            "id": "AWSGlueServiceRoleDefault-20200519202923565100000001",
            "policy_arn": "arn:aws:iam::aws:policy/service-role/AWSGlueServiceRole",
            "role": "AWSGlueServiceRoleDefault"
          },
          "private": "bnVsbA==",
          "dependencies": [
            "aws_iam_role.glue"
          ]
        }
      ]
    },
    {
      "mode": "managed",
      "type": "aws_redshift_cluster",
      "name": "aws_redshift_cluster_poc",
      "provider": "provider.aws",
      "instances": [
        {
          "schema_version": 0,
          "attributes": {
            "allow_version_upgrade": true,
            "arn": "arn:aws:redshift:us-east-1:715254622466:cluster:redshift-cluster-poc",
            "automated_snapshot_retention_period": 1,
            "availability_zone": "us-east-1f",
            "bucket_name": null,
            "cluster_identifier": "redshift-cluster-poc",
            "cluster_parameter_group_name": "default.redshift-1.0",
            "cluster_public_key": "ssh-rsa AAAAB3NzaC1yc2EAAAADAQABAAABAQDHzpQVtpzYeX8jND1vr95uGIMkphEVbQw8pvbFInN8PW7G3AcCQVayIC6rPCyb3SKQSYRt8qc6QM4T42QxIheFCv/5Soq9WypMeOQ9QfhXi5C/OGnn7bnQPyqP3bBUExtfi2PKh+GLSxi/LlKNBKeOiYH/+Hd3omMuf66AF1fWw0aoIePYL+NV+B2LVU4nloGhIuJm3mjwa2CTcZNmEqOOkm4atehBU9WV9vkoxZxzRuHBDy4pa0LH6T3aNBZ29PsRop53C6O045TZox8IcHlkd/1ySYJk1i1xHS3GrhtfErdTCS3ibxmng7qM/QDgwxmZq5H8r2aTiCbc5ksSnggH Amazon-Redshift\n",
            "cluster_revision_number": "15503",
            "cluster_security_groups": [],
            "cluster_subnet_group_name": "default",
            "cluster_type": "single-node",
            "cluster_version": "1.0",
            "database_name": "redshift_cluster_db_poc",
            "dns_name": "redshift-cluster-poc.c2g2lylqsuiv.us-east-1.redshift.amazonaws.com",
            "elastic_ip": null,
            "enable_logging": null,
            "encrypted": false,
            "endpoint": "redshift-cluster-poc.c2g2lylqsuiv.us-east-1.redshift.amazonaws.com:5439",
            "enhanced_vpc_routing": false,
            "final_snapshot_identifier": null,
            "iam_roles": [],
            "id": "redshift-cluster-poc",
            "kms_key_id": "",
            "logging": [
              {
                "bucket_name": "",
                "enable": false,
                "s3_key_prefix": ""
              }
            ],
            "master_password": "Passw0rd_rcpmu",
            "master_username": "redshift_cluster_poc_master_user",
            "node_type": "dc2.large",
            "number_of_nodes": 1,
            "owner_account": null,
            "port": 5439,
            "preferred_maintenance_window": "tue:03:30-tue:04:00",
            "publicly_accessible": true,
            "s3_key_prefix": null,
            "skip_final_snapshot": true,
            "snapshot_cluster_identifier": null,
            "snapshot_copy": [],
            "snapshot_identifier": null,
            "tags": null,
            "timeouts": null,
            "vpc_security_group_ids": [
              "sg-c0e04ced"
            ]
          },
          "private": "eyJlMmJmYjczMC1lY2FhLTExZTYtOGY4OC0zNDM2M2JjN2M0YzAiOnsiY3JlYXRlIjo0NTAwMDAwMDAwMDAwLCJkZWxldGUiOjI0MDAwMDAwMDAwMDAsInVwZGF0ZSI6MjQwMDAwMDAwMDAwMH19"
        }
      ]
    },
    {
      "mode": "managed",
      "type": "aws_s3_bucket",
      "name": "landed",
      "provider": "provider.aws",
      "instances": [
        {
          "schema_version": 0,
          "attributes": {
            "acceleration_status": "",
            "acl": "public-read",
            "arn": "arn:aws:s3:::data-lake-automobile-landed",
            "bucket": "data-lake-automobile-landed",
            "bucket_domain_name": "data-lake-automobile-landed.s3.amazonaws.com",
            "bucket_prefix": null,
            "bucket_regional_domain_name": "data-lake-automobile-landed.s3.amazonaws.com",
            "cors_rule": [],
            "force_destroy": false,
            "grant": [],
            "hosted_zone_id": "Z3AQBSTGFYJSTF",
            "id": "data-lake-automobile-landed",
            "lifecycle_rule": [],
            "logging": [],
            "object_lock_configuration": [],
            "policy": null,
            "region": "us-east-1",
            "replication_configuration": [],
            "request_payer": "BucketOwner",
            "server_side_encryption_configuration": [],
            "tags": {},
            "versioning": [
              {
                "enabled": false,
                "mfa_delete": false
              }
            ],
            "website": [],
            "website_domain": null,
            "website_endpoint": null
          },
          "private": "bnVsbA=="
        }
      ]
    },
    {
      "mode": "managed",
      "type": "aws_s3_bucket",
      "name": "modeled",
      "provider": "provider.aws",
      "instances": [
        {
          "schema_version": 0,
          "attributes": {
            "acceleration_status": "",
            "acl": "private",
            "arn": "arn:aws:s3:::data-lake-automobile-modeled",
            "bucket": "data-lake-automobile-modeled",
            "bucket_domain_name": "data-lake-automobile-modeled.s3.amazonaws.com",
            "bucket_prefix": null,
            "bucket_regional_domain_name": "data-lake-automobile-modeled.s3.amazonaws.com",
            "cors_rule": [],
            "force_destroy": false,
            "grant": [],
            "hosted_zone_id": "Z3AQBSTGFYJSTF",
            "id": "data-lake-automobile-modeled",
            "lifecycle_rule": [],
            "logging": [],
            "object_lock_configuration": [],
            "policy": null,
            "region": "us-east-1",
            "replication_configuration": [],
            "request_payer": "BucketOwner",
            "server_side_encryption_configuration": [],
            "tags": {},
            "versioning": [
              {
                "enabled": false,
                "mfa_delete": false
              }
            ],
            "website": [],
            "website_domain": null,
            "website_endpoint": null
          },
          "private": "bnVsbA=="
        }
      ]
    },
    {
      "mode": "managed",
      "type": "aws_s3_bucket",
      "name": "raw",
      "provider": "provider.aws",
      "instances": [
        {
          "schema_version": 0,
          "attributes": {
            "acceleration_status": "",
            "acl": "private",
            "arn": "arn:aws:s3:::data-lake-automobile-raw",
            "bucket": "data-lake-automobile-raw",
            "bucket_domain_name": "data-lake-automobile-raw.s3.amazonaws.com",
            "bucket_prefix": null,
            "bucket_regional_domain_name": "data-lake-automobile-raw.s3.amazonaws.com",
            "cors_rule": [],
            "force_destroy": false,
            "grant": [],
            "hosted_zone_id": "Z3AQBSTGFYJSTF",
            "id": "data-lake-automobile-raw",
            "lifecycle_rule": [],
            "logging": [],
            "object_lock_configuration": [],
            "policy": null,
            "region": "us-east-1",
            "replication_configuration": [],
            "request_payer": "BucketOwner",
            "server_side_encryption_configuration": [],
            "tags": {},
            "versioning": [
              {
                "enabled": false,
                "mfa_delete": false
              }
            ],
            "website": [],
            "website_domain": null,
            "website_endpoint": null
          },
          "private": "bnVsbA=="
        }
      ]
    },
    {
      "mode": "managed",
      "type": "aws_s3_bucket",
      "name": "self-serve",
      "provider": "provider.aws",
      "instances": [
        {
          "schema_version": 0,
          "attributes": {
            "acceleration_status": "",
            "acl": "private",
            "arn": "arn:aws:s3:::data-lake-automobile-self-serve",
            "bucket": "data-lake-automobile-self-serve",
            "bucket_domain_name": "data-lake-automobile-self-serve.s3.amazonaws.com",
            "bucket_prefix": null,
            "bucket_regional_domain_name": "data-lake-automobile-self-serve.s3.amazonaws.com",
            "cors_rule": [],
            "force_destroy": false,
            "grant": [],
            "hosted_zone_id": "Z3AQBSTGFYJSTF",
            "id": "data-lake-automobile-self-serve",
            "lifecycle_rule": [],
            "logging": [],
            "object_lock_configuration": [],
            "policy": null,
            "region": "us-east-1",
            "replication_configuration": [],
            "request_payer": "BucketOwner",
            "server_side_encryption_configuration": [],
            "tags": {},
            "versioning": [
              {
                "enabled": false,
                "mfa_delete": false
              }
            ],
            "website": [],
            "website_domain": null,
            "website_endpoint": null
          },
          "private": "bnVsbA=="
        }
      ]
    },
    {
      "mode": "managed",
      "type": "aws_s3_bucket_object",
      "name": "landed_files",
      "each": "map",
      "provider": "provider.aws",
      "instances": [
        {
          "index_key": "automobile_data.csv",
          "schema_version": 0,
          "attributes": {
            "acl": "public-read",
            "bucket": "data-lake-automobile-landed",
            "cache_control": "",
            "content": null,
            "content_base64": null,
            "content_disposition": "",
            "content_encoding": "",
            "content_language": "",
            "content_type": "binary/octet-stream",
            "etag": "3a5b15643c81c4965ce960a1620bc40b",
            "force_destroy": false,
            "id": "automobile_data.csv",
            "key": "automobile_data.csv",
            "kms_key_id": null,
            "metadata": {},
            "object_lock_legal_hold_status": "",
            "object_lock_mode": "",
            "object_lock_retain_until_date": "",
            "server_side_encryption": "",
            "source": "../raw-data/automobile_data.csv",
            "storage_class": "STANDARD",
            "tags": {},
            "version_id": "",
            "website_redirect": ""
          },
          "private": "bnVsbA==",
          "dependencies": [
            "aws_s3_bucket.landed"
          ]
        }
      ]
    }
  ]
}
