{
  "version": 4,
  "terraform_version": "0.12.24",
  "serial": 207,
  "lineage": "2746d2be-d4e8-1f64-e833-781d4d3ccdad",
  "outputs": {},
  "resources": [
    {
      "mode": "managed",
      "type": "aws_glue_catalog_database",
      "name": "database",
      "provider": "provider.aws",
      "instances": [
        {
          "schema_version": 0,
          "attributes": {
            "catalog_id": "715254622466",
            "description": "",
            "id": "715254622466:database_automobile",
            "location_uri": "",
            "name": "database_automobile",
            "parameters": {}
          },
          "private": "bnVsbA=="
        }
      ]
    },
    {
      "mode": "managed",
      "type": "aws_glue_crawler",
      "name": "crawler",
      "provider": "provider.aws",
      "instances": [
        {
          "schema_version": 0,
          "attributes": {
            "arn": "arn:aws:glue:us-east-1:715254622466:crawler/crawler_automobile",
            "catalog_target": [],
            "classifiers": [],
            "configuration": "",
            "database_name": "database_automobile",
            "description": "",
            "dynamodb_target": [],
            "id": "crawler_automobile",
            "jdbc_target": [],
            "name": "crawler_automobile",
            "role": "AWSGlueServiceRoleDefault",
            "s3_target": [
              {
                "exclusions": [],
                "path": "s3://data-lake-automobile-landed"
              }
            ],
            "schedule": "",
            "schema_change_policy": [
              {
                "delete_behavior": "DEPRECATE_IN_DATABASE",
                "update_behavior": "UPDATE_IN_DATABASE"
              }
            ],
            "security_configuration": "",
            "table_prefix": "",
            "tags": {}
          },
          "private": "bnVsbA==",
          "dependencies": [
            "aws_glue_catalog_database.database",
            "aws_iam_role.glue",
            "aws_s3_bucket.landed"
          ]
        }
      ]
    },
    {
      "mode": "managed",
      "type": "aws_iam_role",
      "name": "glue",
      "provider": "provider.aws",
      "instances": [
        {
          "schema_version": 0,
          "attributes": {
            "arn": "arn:aws:iam::715254622466:role/AWSGlueServiceRoleDefault",
            "assume_role_policy": "{\"Version\":\"2012-10-17\",\"Statement\":[{\"Sid\":\"\",\"Effect\":\"Allow\",\"Principal\":{\"Service\":\"glue.amazonaws.com\"},\"Action\":\"sts:AssumeRole\"}]}",
            "create_date": "2020-06-10T18:25:13Z",
            "description": "",
            "force_detach_policies": false,
            "id": "AWSGlueServiceRoleDefault",
            "max_session_duration": 3600,
            "name": "AWSGlueServiceRoleDefault",
            "name_prefix": null,
            "path": "/",
            "permissions_boundary": null,
            "tags": {},
            "unique_id": "AROA2NCD7NEBE5KUOACGL"
          },
          "private": "bnVsbA=="
        }
      ]
    },
    {
      "mode": "managed",
      "type": "aws_iam_role_policy",
      "name": "glue_service_s3",
      "provider": "provider.aws",
      "instances": [
        {
          "schema_version": 0,
          "attributes": {
            "id": "AWSGlueServiceRoleDefault:glue_service_s3",
            "name": "glue_service_s3",
            "name_prefix": null,
            "policy": "{\r\n  \"Version\": \"2012-10-17\",\r\n  \"Statement\": [\r\n    {\r\n      \"Effect\": \"Allow\",\r\n      \"Action\": [\r\n        \"s3:*\"\r\n      ],\r\n      \"Resource\": [\r\n        \"arn:aws:s3:::aws_s3_bucket.landed.bucket\",\r\n        \"arn:aws:s3:::aws_s3_bucket.landed.bucket/*\"\r\n      ]\r\n    }\r\n  ]\r\n}\r\n",
            "role": "AWSGlueServiceRoleDefault"
          },
          "private": "bnVsbA==",
          "dependencies": [
            "aws_iam_role.glue",
            "aws_iam_role_policy.my_s3_policy"
          ]
        }
      ]
    },
    {
      "mode": "managed",
      "type": "aws_iam_role_policy",
      "name": "my_s3_policy",
      "provider": "provider.aws",
      "instances": [
        {
          "schema_version": 0,
          "attributes": {
            "id": "AWSGlueServiceRoleDefault:my_s3_policy",
            "name": "my_s3_policy",
            "name_prefix": null,
            "policy": "{\r\n  \"Version\": \"2012-10-17\",\r\n  \"Statement\": [\r\n    {\r\n      \"Effect\": \"Allow\",\r\n      \"Action\": [\r\n        \"s3:*\"\r\n      ],\r\n      \"Resource\": [\r\n        \"arn:aws:s3:::aws_s3_bucket.landed.bucket\",\r\n        \"arn:aws:s3:::aws_s3_bucket.landed.bucket/*\"\r\n      ]\r\n    }\r\n  ]\r\n}\r\n",
            "role": "AWSGlueServiceRoleDefault"
          },
          "private": "bnVsbA==",
          "dependencies": [
            "aws_iam_role.glue"
          ]
        }
      ]
    },
    {
      "mode": "managed",
      "type": "aws_iam_role_policy_attachment",
      "name": "glue_service",
      "provider": "provider.aws",
      "instances": [
        {
          "schema_version": 0,
          "attributes": {
            "id": "AWSGlueServiceRoleDefault-20200610182515146700000001",
            "policy_arn": "arn:aws:iam::aws:policy/service-role/AWSGlueServiceRole",
            "role": "AWSGlueServiceRoleDefault"
          },
          "private": "bnVsbA==",
          "dependencies": [
            "aws_iam_role.glue"
          ]
        }
      ]
    },
    {
      "mode": "managed",
      "type": "aws_s3_bucket",
      "name": "landed",
      "provider": "provider.aws",
      "instances": [
        {
          "schema_version": 0,
          "attributes": {
            "acceleration_status": "",
            "acl": "public-read",
            "arn": "arn:aws:s3:::data-lake-automobile-landed",
            "bucket": "data-lake-automobile-landed",
            "bucket_domain_name": "data-lake-automobile-landed.s3.amazonaws.com",
            "bucket_prefix": null,
            "bucket_regional_domain_name": "data-lake-automobile-landed.s3.amazonaws.com",
            "cors_rule": [],
            "force_destroy": false,
            "grant": [],
            "hosted_zone_id": "Z3AQBSTGFYJSTF",
            "id": "data-lake-automobile-landed",
            "lifecycle_rule": [],
            "logging": [],
            "object_lock_configuration": [],
            "policy": null,
            "region": "us-east-1",
            "replication_configuration": [],
            "request_payer": "BucketOwner",
            "server_side_encryption_configuration": [],
            "tags": {},
            "versioning": [
              {
                "enabled": false,
                "mfa_delete": false
              }
            ],
            "website": [],
            "website_domain": null,
            "website_endpoint": null
          },
          "private": "bnVsbA=="
        }
      ]
    },
    {
      "mode": "managed",
      "type": "aws_s3_bucket",
      "name": "modeled",
      "provider": "provider.aws",
      "instances": [
        {
          "schema_version": 0,
          "attributes": {
            "acceleration_status": "",
            "acl": "private",
            "arn": "arn:aws:s3:::data-lake-automobile-modeled",
            "bucket": "data-lake-automobile-modeled",
            "bucket_domain_name": "data-lake-automobile-modeled.s3.amazonaws.com",
            "bucket_prefix": null,
            "bucket_regional_domain_name": "data-lake-automobile-modeled.s3.amazonaws.com",
            "cors_rule": [],
            "force_destroy": false,
            "grant": [],
            "hosted_zone_id": "Z3AQBSTGFYJSTF",
            "id": "data-lake-automobile-modeled",
            "lifecycle_rule": [],
            "logging": [],
            "object_lock_configuration": [],
            "policy": null,
            "region": "us-east-1",
            "replication_configuration": [],
            "request_payer": "BucketOwner",
            "server_side_encryption_configuration": [],
            "tags": {},
            "versioning": [
              {
                "enabled": false,
                "mfa_delete": false
              }
            ],
            "website": [],
            "website_domain": null,
            "website_endpoint": null
          },
          "private": "bnVsbA=="
        }
      ]
    },
    {
      "mode": "managed",
      "type": "aws_s3_bucket",
      "name": "raw",
      "provider": "provider.aws",
      "instances": [
        {
          "schema_version": 0,
          "attributes": {
            "acceleration_status": "",
            "acl": "private",
            "arn": "arn:aws:s3:::data-lake-automobile-raw",
            "bucket": "data-lake-automobile-raw",
            "bucket_domain_name": "data-lake-automobile-raw.s3.amazonaws.com",
            "bucket_prefix": null,
            "bucket_regional_domain_name": "data-lake-automobile-raw.s3.amazonaws.com",
            "cors_rule": [],
            "force_destroy": false,
            "grant": [],
            "hosted_zone_id": "Z3AQBSTGFYJSTF",
            "id": "data-lake-automobile-raw",
            "lifecycle_rule": [],
            "logging": [],
            "object_lock_configuration": [],
            "policy": null,
            "region": "us-east-1",
            "replication_configuration": [],
            "request_payer": "BucketOwner",
            "server_side_encryption_configuration": [],
            "tags": {},
            "versioning": [
              {
                "enabled": false,
                "mfa_delete": false
              }
            ],
            "website": [],
            "website_domain": null,
            "website_endpoint": null
          },
          "private": "bnVsbA=="
        }
      ]
    },
    {
      "mode": "managed",
      "type": "aws_s3_bucket",
      "name": "self-service",
      "provider": "provider.aws",
      "instances": [
        {
          "schema_version": 0,
          "attributes": {
            "acceleration_status": "",
            "acl": "private",
            "arn": "arn:aws:s3:::data-lake-automobile-self-serve",
            "bucket": "data-lake-automobile-self-serve",
            "bucket_domain_name": "data-lake-automobile-self-serve.s3.amazonaws.com",
            "bucket_prefix": null,
            "bucket_regional_domain_name": "data-lake-automobile-self-serve.s3.amazonaws.com",
            "cors_rule": [],
            "force_destroy": false,
            "grant": [],
            "hosted_zone_id": "Z3AQBSTGFYJSTF",
            "id": "data-lake-automobile-self-serve",
            "lifecycle_rule": [],
            "logging": [],
            "object_lock_configuration": [],
            "policy": null,
            "region": "us-east-1",
            "replication_configuration": [],
            "request_payer": "BucketOwner",
            "server_side_encryption_configuration": [],
            "tags": {},
            "versioning": [
              {
                "enabled": false,
                "mfa_delete": false
              }
            ],
            "website": [],
            "website_domain": null,
            "website_endpoint": null
          },
          "private": "bnVsbA=="
        }
      ]
    },
    {
      "mode": "managed",
      "type": "aws_s3_bucket_object",
      "name": "landed_files",
      "each": "map",
      "provider": "provider.aws",
      "instances": [
        {
          "index_key": "automobile_data.csv",
          "schema_version": 0,
          "attributes": {
            "acl": "public-read",
            "bucket": "data-lake-automobile-landed",
            "cache_control": "",
            "content": null,
            "content_base64": null,
            "content_disposition": "",
            "content_encoding": "",
            "content_language": "",
            "content_type": "binary/octet-stream",
            "etag": "3a5b15643c81c4965ce960a1620bc40b",
            "force_destroy": false,
            "id": "automobile_data.csv",
            "key": "automobile_data.csv",
            "kms_key_id": null,
            "metadata": {},
            "object_lock_legal_hold_status": "",
            "object_lock_mode": "",
            "object_lock_retain_until_date": "",
            "server_side_encryption": "",
            "source": "../raw-data/automobile_data.csv",
            "storage_class": "STANDARD",
            "tags": {},
            "version_id": "",
            "website_redirect": ""
          },
          "private": "bnVsbA==",
          "dependencies": [
            "aws_s3_bucket.landed"
          ]
        }
      ]
    }
  ]
}
